Microsoft Visual Studio Solution File, Format Version 12.00
# Visual Studio Version 18
VisualStudioVersion = 18.5.0
MinimumVisualStudioVersion = 10.0.40219.1
Project("{9A19103F-16F7-4668-BE54-9A1E7A4F7556}") = "Epub3MediaOverlays.Core", "Epub3MediaOverlays.Core\Epub3MediaOverlays.Core.csproj", "{263CB8E3-8E2F-4AEA-8670-6E1F83B5CA68}"
EndProject
Project("{9A19103F-16F7-4668-BE54-9A1E7A4F7556}") = "Epub3MediaOverlays.Wpf", "Epub3MediaOverlays.Wpf\Epub3MediaOverlays.Wpf.csproj", "{263CB8E3-8E2F-4AEA-8670-6E1F83B5CA69}"
EndProject
Global
	GlobalSection(SolutionConfigurationPlatforms) = preSolution
		Debug|Any CPU = Debug|Any CPU
		Release|Any CPU = Release|Any CPU
	EndGlobalSection
	GlobalSection(ProjectConfigurationPlatforms) = postSolution
		{263CB8E3-8E2F-4AEA-8670-6E1F83B5CA68}.Debug|Any CPU.ActiveCfg = Debug|Any CPU
		{263CB8E3-8E2F-4AEA-8670-6E1F83B5CA68}.Debug|Any CPU.Build.0 = Debug|Any CPU
		{263CB8E3-8E2F-4AEA-8670-6E1F83B5CA68}.Release|Any CPU.ActiveCfg = Release|Any CPU
		{263CB8E3-8E2F-4AEA-8670-6E1F83B5CA68}.Release|Any CPU.Build.0 = Release|Any CPU
		{263CB8E3-8E2F-4AEA-8670-6E1F83B5CA69}.Debug|Any CPU.ActiveCfg = Debug|Any CPU
		{263CB8E3-8E2F-4AEA-8670-6E1F83B5CA69}.Debug|Any CPU.Build.0 = Debug|Any CPU
		{263CB8E3-8E2F-4AEA-8670-6E1F83B5CA69}.Release|Any CPU.ActiveCfg = Release|Any CPU
		{263CB8E3-8E2F-4AEA-8670-6E1F83B5CA69}.Release|Any CPU.Build.0 = Release|Any CPU
	EndGlobalSection
	GlobalSection(SolutionProperties) = preSolution
		HideSolutionNode = FALSE
	EndGlobalSection
EndGlobal
